
Microsoft Visual Studio Solution File, Format Version 12.00
# Visual Studio Version 16
VisualStudioVersion = 16.0.31005.135
MinimumVisualStudioVersion = 10.0.40219.1
Project("{FAE04EC0-301F-11D3-BF4B-00C04F79EFBC}") = "Meme Maker with MOO ICT", "Meme Maker with MOO ICT\Meme Maker with MOO ICT.csproj", "{FE491508-E161-4493-B4DC-DCC93146B221}"
EndProject
Global
	GlobalSection(SolutionConfigurationPlatforms) = preSolution
		Debug|Any CPU = Debug|Any CPU
		Release|Any CPU = Release|Any CPU
	EndGlobalSection
	GlobalSection(ProjectConfigurationPlatforms) = postSolution
		{FE491508-E161-4493-B4DC-DCC93146B221}.Debug|Any CPU.ActiveCfg = Debug|Any CPU
		{FE491508-E161-4493-B4DC-DCC93146B221}.Debug|Any CPU.Build.0 = Debug|Any CPU
		{FE491508-E161-4493-B4DC-DCC93146B221}.Release|Any CPU.ActiveCfg = Release|Any CPU
		{FE491508-E161-4493-B4DC-DCC93146B221}.Release|Any CPU.Build.0 = Release|Any CPU
	EndGlobalSection
	GlobalSection(SolutionProperties) = preSolution
		HideSolutionNode = FALSE
	EndGlobalSection
	GlobalSection(ExtensibilityGlobals) = postSolution
		SolutionGuid = {1D672455-0A8E-4F03-AF80-BA435090DDFA}
	EndGlobalSection
EndGlobal
